
Microsoft Visual Studio Solution File, Format Version 12.00
# Visual Studio 15
VisualStudioVersion = 15.0.27130.2024
MinimumVisualStudioVersion = 10.0.40219.1
Project("{FAE04EC0-301F-11D3-BF4B-00C04F79EFBC}") = "PruebaMVVM.Android", "PruebaMVVM\PruebaMVVM.Android\PruebaMVVM.Android.csproj", "{D2185256-1798-4B0A-8C58-43760B07C57C}"
EndProject
Project("{FAE04EC0-301F-11D3-BF4B-00C04F79EFBC}") = "PruebaMVVM", "PruebaMVVM\PruebaMVVM\PruebaMVVM.csproj", "{7DA9C681-BBEE-49F7-8D58-E25B123ACED2}"
EndProject
Global
	GlobalSection(SolutionConfigurationPlatforms) = preSolution
		Debug|Any CPU = Debug|Any CPU
		Release|Any CPU = Release|Any CPU
	EndGlobalSection
	GlobalSection(ProjectConfigurationPlatforms) = postSolution
		{D2185256-1798-4B0A-8C58-43760B07C57C}.Debug|Any CPU.ActiveCfg = Debug|Any CPU
		{D2185256-1798-4B0A-8C58-43760B07C57C}.Debug|Any CPU.Build.0 = Debug|Any CPU
		{D2185256-1798-4B0A-8C58-43760B07C57C}.Debug|Any CPU.Deploy.0 = Debug|Any CPU
		{D2185256-1798-4B0A-8C58-43760B07C57C}.Release|Any CPU.ActiveCfg = Release|Any CPU
		{D2185256-1798-4B0A-8C58-43760B07C57C}.Release|Any CPU.Build.0 = Release|Any CPU
		{D2185256-1798-4B0A-8C58-43760B07C57C}.Release|Any CPU.Deploy.0 = Release|Any CPU
		{7DA9C681-BBEE-49F7-8D58-E25B123ACED2}.Debug|Any CPU.ActiveCfg = Debug|Any CPU
		{7DA9C681-BBEE-49F7-8D58-E25B123ACED2}.Debug|Any CPU.Build.0 = Debug|Any CPU
		{7DA9C681-BBEE-49F7-8D58-E25B123ACED2}.Release|Any CPU.ActiveCfg = Release|Any CPU
		{7DA9C681-BBEE-49F7-8D58-E25B123ACED2}.Release|Any CPU.Build.0 = Release|Any CPU
	EndGlobalSection
	GlobalSection(SolutionProperties) = preSolution
		HideSolutionNode = FALSE
	EndGlobalSection
	GlobalSection(ExtensibilityGlobals) = postSolution
		SolutionGuid = {728BF753-80CE-4E7D-9C34-6D5B1FE704B1}
	EndGlobalSection
EndGlobal
